// !$*UTF8*$!
{
	archiveVersion = 1;
	classes = {
	};
	objectVersion = 55;
	objects = {

/* Begin PBXBuildFile section */
		04A61CCE28871BFD00DA6775 /* AppDelegate.swift in Sources */ = {isa = PBXBuildFile; fileRef = 04A61CCD28871BFD00DA6775 /* AppDelegate.swift */; };
		04A61CD028871BFD00DA6775 /* SceneDelegate.swift in Sources */ = {isa = PBXBuildFile; fileRef = 04A61CCF28871BFD00DA6775 /* SceneDelegate.swift */; };
		04A61CD228871BFD00DA6775 /* ViewController.swift in Sources */ = {isa = PBXBuildFile; fileRef = 04A61CD128871BFD00DA6775 /* ViewController.swift */; };
		04A61CD528871BFD00DA6775 /* Main.storyboard in Resources */ = {isa = PBXBuildFile; fileRef = 04A61CD328871BFD00DA6775 /* Main.storyboard */; };
		04A61CD728871BFE00DA6775 /* Assets.xcassets in Resources */ = {isa = PBXBuildFile; fileRef = 04A61CD628871BFE00DA6775 /* Assets.xcassets */; };
		04A61CDA28871BFE00DA6775 /* LaunchScreen.storyboard in Resources */ = {isa = PBXBuildFile; fileRef = 04A61CD828871BFE00DA6775 /* LaunchScreen.storyboard */; };
		04A61CE828871FA500DA6775 /* SearchViewController.swift in Sources */ = {isa = PBXBuildFile; fileRef = 04A61CE628871FA500DA6775 /* SearchViewController.swift */; };
		04A61CE928871FA500DA6775 /* SearchViewController.xib in Resources */ = {isa = PBXBuildFile; fileRef = 04A61CE728871FA500DA6775 /* SearchViewController.xib */; };
		04A61CEC28871FE300DA6775 /* SearchTableViewCell.swift in Sources */ = {isa = PBXBuildFile; fileRef = 04A61CEA28871FE300DA6775 /* SearchTableViewCell.swift */; };
		04A61CED28871FE300DA6775 /* SearchTableViewCell.xib in Resources */ = {isa = PBXBuildFile; fileRef = 04A61CEB28871FE300DA6775 /* SearchTableViewCell.xib */; };
		04A61CF0288720B100DA6775 /* AnimeNetworkWebService.swift in Sources */ = {isa = PBXBuildFile; fileRef = 04A61CEF288720B100DA6775 /* AnimeNetworkWebService.swift */; };
		04A61CF3288720DF00DA6775 /* AnimeNetworkService.swift in Sources */ = {isa = PBXBuildFile; fileRef = 04A61CF2288720DF00DA6775 /* AnimeNetworkService.swift */; };
		04A61CF62887210800DA6775 /* AnimeNetwork.swift in Sources */ = {isa = PBXBuildFile; fileRef = 04A61CF52887210800DA6775 /* AnimeNetwork.swift */; };
		04A61CF82887212600DA6775 /* AnimeAttributes.swift in Sources */ = {isa = PBXBuildFile; fileRef = 04A61CF72887212600DA6775 /* AnimeAttributes.swift */; };
		04A61CFA2887214A00DA6775 /* AnimePosterImage.swift in Sources */ = {isa = PBXBuildFile; fileRef = 04A61CF92887214A00DA6775 /* AnimePosterImage.swift */; };
		04A61CFC2887215B00DA6775 /* AnimeCoverImage.swift in Sources */ = {isa = PBXBuildFile; fileRef = 04A61CFB2887215B00DA6775 /* AnimeCoverImage.swift */; };
		04A61D00288721DB00DA6775 /* AnimeDetailViewController.swift in Sources */ = {isa = PBXBuildFile; fileRef = 04A61CFE288721DB00DA6775 /* AnimeDetailViewController.swift */; };
		04A61D01288721DB00DA6775 /* AnimeDetailViewController.xib in Resources */ = {isa = PBXBuildFile; fileRef = 04A61CFF288721DB00DA6775 /* AnimeDetailViewController.xib */; };
		04A61D0B28872E5300DA6775 /* ChanelDetailViewController.swift in Sources */ = {isa = PBXBuildFile; fileRef = 04A61D0928872E5300DA6775 /* ChanelDetailViewController.swift */; };
		04A61D0C28872E5300DA6775 /* ChanelDetailViewController.xib in Resources */ = {isa = PBXBuildFile; fileRef = 04A61D0A28872E5300DA6775 /* ChanelDetailViewController.xib */; };
		04A61D1528872FDD00DA6775 /* ChanelService.swift in Sources */ = {isa = PBXBuildFile; fileRef = 04A61D1428872FDD00DA6775 /* ChanelService.swift */; };
		04A61D172887300700DA6775 /* ChanelWebService.swift in Sources */ = {isa = PBXBuildFile; fileRef = 04A61D162887300700DA6775 /* ChanelWebService.swift */; };
		04A61D192887304700DA6775 /* Chanel.swift in Sources */ = {isa = PBXBuildFile; fileRef = 04A61D182887304700DA6775 /* Chanel.swift */; };
		04A61D242889DC5900DA6775 /* ChanelViewController.swift in Sources */ = {isa = PBXBuildFile; fileRef = 04A61D222889DC5900DA6775 /* ChanelViewController.swift */; };
		04A61D282889DCD800DA6775 /* ChanelTableViewCell.swift in Sources */ = {isa = PBXBuildFile; fileRef = 04A61D262889DCD800DA6775 /* ChanelTableViewCell.swift */; };
		04A61D292889DCD800DA6775 /* ChanelTableViewCell.xib in Resources */ = {isa = PBXBuildFile; fileRef = 04A61D272889DCD800DA6775 /* ChanelTableViewCell.xib */; };
		04A61D31288A069400DA6775 /* LoginService.swift in Sources */ = {isa = PBXBuildFile; fileRef = 04A61D30288A069400DA6775 /* LoginService.swift */; };
		04A61D33288A06BC00DA6775 /* RegisterService.swift in Sources */ = {isa = PBXBuildFile; fileRef = 04A61D32288A06BC00DA6775 /* RegisterService.swift */; };
		04A61D35288A072C00DA6775 /* LoginWebService.swift in Sources */ = {isa = PBXBuildFile; fileRef = 04A61D34288A072C00DA6775 /* LoginWebService.swift */; };
		04A61D38288A07A400DA6775 /* LoginViewController.swift in Sources */ = {isa = PBXBuildFile; fileRef = 04A61D36288A07A400DA6775 /* LoginViewController.swift */; };
		04A61D3C288AC58100DA6775 /* RegisterViewController.swift in Sources */ = {isa = PBXBuildFile; fileRef = 04A61D3A288AC58100DA6775 /* RegisterViewController.swift */; };
		04A61D3F288ACAA300DA6775 /* RegisterWebService.swift in Sources */ = {isa = PBXBuildFile; fileRef = 04A61D3E288ACAA300DA6775 /* RegisterWebService.swift */; };
		04A61D44288B361C00DA6775 /* FavoriteService.swift in Sources */ = {isa = PBXBuildFile; fileRef = 04A61D43288B361C00DA6775 /* FavoriteService.swift */; };
		04A61D46288B369500DA6775 /* FavoriteWebService.swift in Sources */ = {isa = PBXBuildFile; fileRef = 04A61D45288B369500DA6775 /* FavoriteWebService.swift */; };
		04A61D49288BF84700DA6775 /* Favoris.swift in Sources */ = {isa = PBXBuildFile; fileRef = 04A61D48288BF84700DA6775 /* Favoris.swift */; };
		04A61D4D288C3E1800DA6775 /* ProfileViewController.swift in Sources */ = {isa = PBXBuildFile; fileRef = 04A61D4B288C3E1800DA6775 /* ProfileViewController.swift */; };
		04A61D52288CA2FC00DA6775 /* FavoriteListViewController.swift in Sources */ = {isa = PBXBuildFile; fileRef = 04A61D50288CA2FC00DA6775 /* FavoriteListViewController.swift */; };
		04A61D56288CA36700DA6775 /* FavoriteListTableViewCell.swift in Sources */ = {isa = PBXBuildFile; fileRef = 04A61D54288CA36700DA6775 /* FavoriteListTableViewCell.swift */; };
		04A61D57288CA36700DA6775 /* FavoriteListTableViewCell.xib in Resources */ = {isa = PBXBuildFile; fileRef = 04A61D55288CA36700DA6775 /* FavoriteListTableViewCell.xib */; };
		04A61D5C288CA40A00DA6775 /* FavoriteListWebService.swift in Sources */ = {isa = PBXBuildFile; fileRef = 04A61D5B288CA40A00DA6775 /* FavoriteListWebService.swift */; };
		04A61D5E288CA41500DA6775 /* FavoriteListService.swift in Sources */ = {isa = PBXBuildFile; fileRef = 04A61D5D288CA41500DA6775 /* FavoriteListService.swift */; };
		04A61D63288CBF2A00DA6775 /* CommentService.swift in Sources */ = {isa = PBXBuildFile; fileRef = 04A61D62288CBF2A00DA6775 /* CommentService.swift */; };
		04A61D65288CBF5200DA6775 /* CommentWebService.swift in Sources */ = {isa = PBXBuildFile; fileRef = 04A61D64288CBF5200DA6775 /* CommentWebService.swift */; };
		04A61D68288CC7ED00DA6775 /* ChanelDetailTableViewCell.swift in Sources */ = {isa = PBXBuildFile; fileRef = 04A61D66288CC7ED00DA6775 /* ChanelDetailTableViewCell.swift */; };
		04A61D69288CC7ED00DA6775 /* ChanelDetailTableViewCell.xib in Resources */ = {isa = PBXBuildFile; fileRef = 04A61D67288CC7ED00DA6775 /* ChanelDetailTableViewCell.xib */; };
		04A61D6C288CC83400DA6775 /* Comment.swift in Sources */ = {isa = PBXBuildFile; fileRef = 04A61D6B288CC83400DA6775 /* Comment.swift */; };
		04A61D6E288ED5A500DA6775 /* UserChanel.swift in Sources */ = {isa = PBXBuildFile; fileRef = 04A61D6D288ED5A500DA6775 /* UserChanel.swift */; };
		04A61D72288F241800DA6775 /* CreateChanelViewController.swift in Sources */ = {isa = PBXBuildFile; fileRef = 04A61D70288F241800DA6775 /* CreateChanelViewController.swift */; };
		04A61D76288F31C800DA6775 /* ProfileTableViewCell.swift in Sources */ = {isa = PBXBuildFile; fileRef = 04A61D74288F31C800DA6775 /* ProfileTableViewCell.swift */; };
		04A61D77288F31C800DA6775 /* ProfileTableViewCell.xib in Resources */ = {isa = PBXBuildFile; fileRef = 04A61D75288F31C800DA6775 /* ProfileTableViewCell.xib */; };
/* End PBXBuildFile section */

/* Begin PBXFileReference section */
		04A61CCA28871BFD00DA6775 /* SwiftProject.app */ = {isa = PBXFileReference; explicitFileType = wrapper.application; includeInIndex = 0; path = SwiftProject.app; sourceTree = BUILT_PRODUCTS_DIR; };
		04A61CCD28871BFD00DA6775 /* AppDelegate.swift */ = {isa = PBXFileReference; lastKnownFileType = sourcecode.swift; path = AppDelegate.swift; sourceTree = "<group>"; };
		04A61CCF28871BFD00DA6775 /* SceneDelegate.swift */ = {isa = PBXFileReference; lastKnownFileType = sourcecode.swift; path = SceneDelegate.swift; sourceTree = "<group>"; };
		04A61CD128871BFD00DA6775 /* ViewController.swift */ = {isa = PBXFileReference; lastKnownFileType = sourcecode.swift; path = ViewController.swift; sourceTree = "<group>"; };
		04A61CD428871BFD00DA6775 /* Base */ = {isa = PBXFileReference; lastKnownFileType = file.storyboard; name = Base; path = Base.lproj/Main.storyboard; sourceTree = "<group>"; };
		04A61CD628871BFE00DA6775 /* Assets.xcassets */ = {isa = PBXFileReference; lastKnownFileType = folder.assetcatalog; path = Assets.xcassets; sourceTree = "<group>"; };
		04A61CD928871BFE00DA6775 /* Base */ = {isa = PBXFileReference; lastKnownFileType = file.storyboard; name = Base; path = Base.lproj/LaunchScreen.storyboard; sourceTree = "<group>"; };
		04A61CDB28871BFE00DA6775 /* Info.plist */ = {isa = PBXFileReference; lastKnownFileType = text.plist.xml; path = Info.plist; sourceTree = "<group>"; };
		04A61CE628871FA500DA6775 /* SearchViewController.swift */ = {isa = PBXFileReference; lastKnownFileType = sourcecode.swift; path = SearchViewController.swift; sourceTree = "<group>"; };
		04A61CE728871FA500DA6775 /* SearchViewController.xib */ = {isa = PBXFileReference; lastKnownFileType = file.xib; path = SearchViewController.xib; sourceTree = "<group>"; };
		04A61CEA28871FE300DA6775 /* SearchTableViewCell.swift */ = {isa = PBXFileReference; lastKnownFileType = sourcecode.swift; path = SearchTableViewCell.swift; sourceTree = "<group>"; };
		04A61CEB28871FE300DA6775 /* SearchTableViewCell.xib */ = {isa = PBXFileReference; lastKnownFileType = file.xib; path = SearchTableViewCell.xib; sourceTree = "<group>"; };
		04A61CEF288720B100DA6775 /* AnimeNetworkWebService.swift */ = {isa = PBXFileReference; lastKnownFileType = sourcecode.swift; path = AnimeNetworkWebService.swift; sourceTree = "<group>"; };
		04A61CF2288720DF00DA6775 /* AnimeNetworkService.swift */ = {isa = PBXFileReference; lastKnownFileType = sourcecode.swift; path = AnimeNetworkService.swift; sourceTree = "<group>"; };
		04A61CF52887210800DA6775 /* AnimeNetwork.swift */ = {isa = PBXFileReference; lastKnownFileType = sourcecode.swift; path = AnimeNetwork.swift; sourceTree = "<group>"; };
		04A61CF72887212600DA6775 /* AnimeAttributes.swift */ = {isa = PBXFileReference; lastKnownFileType = sourcecode.swift; path = AnimeAttributes.swift; sourceTree = "<group>"; };
		04A61CF92887214A00DA6775 /* AnimePosterImage.swift */ = {isa = PBXFileReference; lastKnownFileType = sourcecode.swift; path = AnimePosterImage.swift; sourceTree = "<group>"; };
		04A61CFB2887215B00DA6775 /* AnimeCoverImage.swift */ = {isa = PBXFileReference; lastKnownFileType = sourcecode.swift; path = AnimeCoverImage.swift; sourceTree = "<group>"; };
		04A61CFE288721DB00DA6775 /* AnimeDetailViewController.swift */ = {isa = PBXFileReference; lastKnownFileType = sourcecode.swift; path = AnimeDetailViewController.swift; sourceTree = "<group>"; };
		04A61CFF288721DB00DA6775 /* AnimeDetailViewController.xib */ = {isa = PBXFileReference; lastKnownFileType = file.xib; path = AnimeDetailViewController.xib; sourceTree = "<group>"; };
		04A61D0928872E5300DA6775 /* ChanelDetailViewController.swift */ = {isa = PBXFileReference; lastKnownFileType = sourcecode.swift; path = ChanelDetailViewController.swift; sourceTree = "<group>"; };
		04A61D0A28872E5300DA6775 /* ChanelDetailViewController.xib */ = {isa = PBXFileReference; lastKnownFileType = file.xib; path = ChanelDetailViewController.xib; sourceTree = "<group>"; };
		04A61D1428872FDD00DA6775 /* ChanelService.swift */ = {isa = PBXFileReference; lastKnownFileType = sourcecode.swift; path = ChanelService.swift; sourceTree = "<group>"; };
		04A61D162887300700DA6775 /* ChanelWebService.swift */ = {isa = PBXFileReference; lastKnownFileType = sourcecode.swift; path = ChanelWebService.swift; sourceTree = "<group>"; };
		04A61D182887304700DA6775 /* Chanel.swift */ = {isa = PBXFileReference; lastKnownFileType = sourcecode.swift; path = Chanel.swift; sourceTree = "<group>"; };
		04A61D222889DC5900DA6775 /* ChanelViewController.swift */ = {isa = PBXFileReference; lastKnownFileType = sourcecode.swift; path = ChanelViewController.swift; sourceTree = "<group>"; };
		04A61D262889DCD800DA6775 /* ChanelTableViewCell.swift */ = {isa = PBXFileReference; lastKnownFileType = sourcecode.swift; path = ChanelTableViewCell.swift; sourceTree = "<group>"; };
		04A61D272889DCD800DA6775 /* ChanelTableViewCell.xib */ = {isa = PBXFileReference; lastKnownFileType = file.xib; path = ChanelTableViewCell.xib; sourceTree = "<group>"; };
		04A61D30288A069400DA6775 /* LoginService.swift */ = {isa = PBXFileReference; lastKnownFileType = sourcecode.swift; path = LoginService.swift; sourceTree = "<group>"; };
		04A61D32288A06BC00DA6775 /* RegisterService.swift */ = {isa = PBXFileReference; lastKnownFileType = sourcecode.swift; path = RegisterService.swift; sourceTree = "<group>"; };
		04A61D34288A072C00DA6775 /* LoginWebService.swift */ = {isa = PBXFileReference; lastKnownFileType = sourcecode.swift; path = LoginWebService.swift; sourceTree = "<group>"; };
		04A61D36288A07A400DA6775 /* LoginViewController.swift */ = {isa = PBXFileReference; lastKnownFileType = sourcecode.swift; path = LoginViewController.swift; sourceTree = "<group>"; };
		04A61D3A288AC58100DA6775 /* RegisterViewController.swift */ = {isa = PBXFileReference; lastKnownFileType = sourcecode.swift; path = RegisterViewController.swift; sourceTree = "<group>"; };
		04A61D3E288ACAA300DA6775 /* RegisterWebService.swift */ = {isa = PBXFileReference; lastKnownFileType = sourcecode.swift; path = RegisterWebService.swift; sourceTree = "<group>"; };
		04A61D43288B361C00DA6775 /* FavoriteService.swift */ = {isa = PBXFileReference; lastKnownFileType = sourcecode.swift; path = FavoriteService.swift; sourceTree = "<group>"; };
		04A61D45288B369500DA6775 /* FavoriteWebService.swift */ = {isa = PBXFileReference; lastKnownFileType = sourcecode.swift; path = FavoriteWebService.swift; sourceTree = "<group>"; };
		04A61D48288BF84700DA6775 /* Favoris.swift */ = {isa = PBXFileReference; lastKnownFileType = sourcecode.swift; path = Favoris.swift; sourceTree = "<group>"; };
		04A61D4B288C3E1800DA6775 /* ProfileViewController.swift */ = {isa = PBXFileReference; lastKnownFileType = sourcecode.swift; path = ProfileViewController.swift; sourceTree = "<group>"; };
		04A61D50288CA2FC00DA6775 /* FavoriteListViewController.swift */ = {isa = PBXFileReference; lastKnownFileType = sourcecode.swift; path = FavoriteListViewController.swift; sourceTree = "<group>"; };
		04A61D54288CA36700DA6775 /* FavoriteListTableViewCell.swift */ = {isa = PBXFileReference; lastKnownFileType = sourcecode.swift; path = FavoriteListTableViewCell.swift; sourceTree = "<group>"; };
		04A61D55288CA36700DA6775 /* FavoriteListTableViewCell.xib */ = {isa = PBXFileReference; lastKnownFileType = file.xib; path = FavoriteListTableViewCell.xib; sourceTree = "<group>"; };
		04A61D5B288CA40A00DA6775 /* FavoriteListWebService.swift */ = {isa = PBXFileReference; lastKnownFileType = sourcecode.swift; path = FavoriteListWebService.swift; sourceTree = "<group>"; };
		04A61D5D288CA41500DA6775 /* FavoriteListService.swift */ = {isa = PBXFileReference; lastKnownFileType = sourcecode.swift; path = FavoriteListService.swift; sourceTree = "<group>"; };
		04A61D62288CBF2A00DA6775 /* CommentService.swift */ = {isa = PBXFileReference; lastKnownFileType = sourcecode.swift; path = CommentService.swift; sourceTree = "<group>"; };
		04A61D64288CBF5200DA6775 /* CommentWebService.swift */ = {isa = PBXFileReference; lastKnownFileType = sourcecode.swift; path = CommentWebService.swift; sourceTree = "<group>"; };
		04A61D66288CC7ED00DA6775 /* ChanelDetailTableViewCell.swift */ = {isa = PBXFileReference; lastKnownFileType = sourcecode.swift; path = ChanelDetailTableViewCell.swift; sourceTree = "<group>"; };
		04A61D67288CC7ED00DA6775 /* ChanelDetailTableViewCell.xib */ = {isa = PBXFileReference; lastKnownFileType = file.xib; path = ChanelDetailTableViewCell.xib; sourceTree = "<group>"; };
		04A61D6B288CC83400DA6775 /* Comment.swift */ = {isa = PBXFileReference; lastKnownFileType = sourcecode.swift; path = Comment.swift; sourceTree = "<group>"; };
		04A61D6D288ED5A500DA6775 /* UserChanel.swift */ = {isa = PBXFileReference; lastKnownFileType = sourcecode.swift; path = UserChanel.swift; sourceTree = "<group>"; };
		04A61D70288F241800DA6775 /* CreateChanelViewController.swift */ = {isa = PBXFileReference; lastKnownFileType = sourcecode.swift; path = CreateChanelViewController.swift; sourceTree = "<group>"; };
		04A61D74288F31C800DA6775 /* ProfileTableViewCell.swift */ = {isa = PBXFileReference; lastKnownFileType = sourcecode.swift; path = ProfileTableViewCell.swift; sourceTree = "<group>"; };
		04A61D75288F31C800DA6775 /* ProfileTableViewCell.xib */ = {isa = PBXFileReference; lastKnownFileType = file.xib; path = ProfileTableViewCell.xib; sourceTree = "<group>"; };
/* End PBXFileReference section */

/* Begin PBXFrameworksBuildPhase section */
		04A61CC728871BFD00DA6775 /* Frameworks */ = {
			isa = PBXFrameworksBuildPhase;
			buildActionMask = 2147483647;
			files = (
			);
			runOnlyForDeploymentPostprocessing = 0;
		};
/* End PBXFrameworksBuildPhase section */

/* Begin PBXGroup section */
		04A61CC128871BFD00DA6775 = {
			isa = PBXGroup;
			children = (
				04A61CCC28871BFD00DA6775 /* SwiftProject */,
				04A61CCB28871BFD00DA6775 /* Products */,
			);
			sourceTree = "<group>";
		};
		04A61CCB28871BFD00DA6775 /* Products */ = {
			isa = PBXGroup;
			children = (
				04A61CCA28871BFD00DA6775 /* SwiftProject.app */,
			);
			name = Products;
			sourceTree = "<group>";
		};
		04A61CCC28871BFD00DA6775 /* SwiftProject */ = {
			isa = PBXGroup;
			children = (
				04A61D5F288CBE8600DA6775 /* Comment */,
				04A61D4F288CA1D200DA6775 /* FavoriteList */,
				04A61D4A288C3DF300DA6775 /* Profile */,
				04A61D2C288A064100DA6775 /* Authentication */,
				04A61D0328872CD900DA6775 /* Chanel */,
				04A61D0228872CCD00DA6775 /* Favorite */,
				04A61CFD288721B000DA6775 /* AnimeDetail */,
				04A61CF4288720F500DA6775 /* Models */,
				04A61CF1288720CA00DA6775 /* Service */,
				04A61CEE2887208E00DA6775 /* WebService */,
				04A61CE128871EAE00DA6775 /* Search */,
				04A61CCD28871BFD00DA6775 /* AppDelegate.swift */,
				04A61CCF28871BFD00DA6775 /* SceneDelegate.swift */,
				04A61CD128871BFD00DA6775 /* ViewController.swift */,
				04A61CD328871BFD00DA6775 /* Main.storyboard */,
				04A61CD628871BFE00DA6775 /* Assets.xcassets */,
				04A61CD828871BFE00DA6775 /* LaunchScreen.storyboard */,
				04A61CDB28871BFE00DA6775 /* Info.plist */,
			);
			path = SwiftProject;
			sourceTree = "<group>";
		};
		04A61CE128871EAE00DA6775 /* Search */ = {
			isa = PBXGroup;
			children = (
				04A61CE628871FA500DA6775 /* SearchViewController.swift */,
				04A61CE728871FA500DA6775 /* SearchViewController.xib */,
				04A61CEA28871FE300DA6775 /* SearchTableViewCell.swift */,
				04A61CEB28871FE300DA6775 /* SearchTableViewCell.xib */,
			);
			path = Search;
			sourceTree = "<group>";
		};
		04A61CEE2887208E00DA6775 /* WebService */ = {
			isa = PBXGroup;
			children = (
				04A61CEF288720B100DA6775 /* AnimeNetworkWebService.swift */,
			);
			path = WebService;
			sourceTree = "<group>";
		};
		04A61CF1288720CA00DA6775 /* Service */ = {
			isa = PBXGroup;
			children = (
				04A61CF2288720DF00DA6775 /* AnimeNetworkService.swift */,
			);
			path = Service;
			sourceTree = "<group>";
		};
		04A61CF4288720F500DA6775 /* Models */ = {
			isa = PBXGroup;
			children = (
				04A61CF52887210800DA6775 /* AnimeNetwork.swift */,
				04A61CF72887212600DA6775 /* AnimeAttributes.swift */,
				04A61CF92887214A00DA6775 /* AnimePosterImage.swift */,
				04A61CFB2887215B00DA6775 /* AnimeCoverImage.swift */,
			);
			path = Models;
			sourceTree = "<group>";
		};
		04A61CFD288721B000DA6775 /* AnimeDetail */ = {
			isa = PBXGroup;
			children = (
				04A61CFE288721DB00DA6775 /* AnimeDetailViewController.swift */,
				04A61CFF288721DB00DA6775 /* AnimeDetailViewController.xib */,
			);
			path = AnimeDetail;
			sourceTree = "<group>";
		};
		04A61D0228872CCD00DA6775 /* Favorite */ = {
			isa = PBXGroup;
			children = (
				04A61D47288B834E00DA6775 /* Models */,
				04A61D41288B35E900DA6775 /* Services */,
				04A61D40288B35E100DA6775 /* WebServices */,
			);
			path = Favorite;
			sourceTree = "<group>";
		};
		04A61D0328872CD900DA6775 /* Chanel */ = {
			isa = PBXGroup;
			children = (
				04A61D6F288F23EA00DA6775 /* Create */,
				04A61D1328872FBF00DA6775 /* Service */,
				04A61D1228872FB600DA6775 /* WebService */,
				04A61D1128872FAD00DA6775 /* Models */,
				04A61D0828872E3700DA6775 /* ChanelDetail */,
				04A61D222889DC5900DA6775 /* ChanelViewController.swift */,
				04A61D262889DCD800DA6775 /* ChanelTableViewCell.swift */,
				04A61D272889DCD800DA6775 /* ChanelTableViewCell.xib */,
			);
			path = Chanel;
			sourceTree = "<group>";
		};
		04A61D0828872E3700DA6775 /* ChanelDetail */ = {
			isa = PBXGroup;
			children = (
				04A61D0928872E5300DA6775 /* ChanelDetailViewController.swift */,
				04A61D0A28872E5300DA6775 /* ChanelDetailViewController.xib */,
				04A61D66288CC7ED00DA6775 /* ChanelDetailTableViewCell.swift */,
				04A61D67288CC7ED00DA6775 /* ChanelDetailTableViewCell.xib */,
			);
			path = ChanelDetail;
			sourceTree = "<group>";
		};
		04A61D1128872FAD00DA6775 /* Models */ = {
			isa = PBXGroup;
			children = (
				04A61D182887304700DA6775 /* Chanel.swift */,
				04A61D6D288ED5A500DA6775 /* UserChanel.swift */,
			);
			path = Models;
			sourceTree = "<group>";
		};
		04A61D1228872FB600DA6775 /* WebService */ = {
			isa = PBXGroup;
			children = (
				04A61D162887300700DA6775 /* ChanelWebService.swift */,
			);
			path = WebService;
			sourceTree = "<group>";
		};
		04A61D1328872FBF00DA6775 /* Service */ = {
			isa = PBXGroup;
			children = (
				04A61D1428872FDD00DA6775 /* ChanelService.swift */,
			);
			path = Service;
			sourceTree = "<group>";
		};
		04A61D2C288A064100DA6775 /* Authentication */ = {
			isa = PBXGroup;
			children = (
				04A61D2F288A066700DA6775 /* Views */,
				04A61D2E288A065F00DA6775 /* WebServices */,
				04A61D2D288A065500DA6775 /* Services */,
			);
			path = Authentication;
			sourceTree = "<group>";
		};
		04A61D2D288A065500DA6775 /* Services */ = {
			isa = PBXGroup;
			children = (
				04A61D30288A069400DA6775 /* LoginService.swift */,
				04A61D32288A06BC00DA6775 /* RegisterService.swift */,
			);
			path = Services;
			sourceTree = "<group>";
		};
		04A61D2E288A065F00DA6775 /* WebServices */ = {
			isa = PBXGroup;
			children = (
				04A61D34288A072C00DA6775 /* LoginWebService.swift */,
				04A61D3E288ACAA300DA6775 /* RegisterWebService.swift */,
			);
			path = WebServices;
			sourceTree = "<group>";
		};
		04A61D2F288A066700DA6775 /* Views */ = {
			isa = PBXGroup;
			children = (
				04A61D36288A07A400DA6775 /* LoginViewController.swift */,
				04A61D3A288AC58100DA6775 /* RegisterViewController.swift */,
			);
			path = Views;
			sourceTree = "<group>";
		};
		04A61D40288B35E100DA6775 /* WebServices */ = {
			isa = PBXGroup;
			children = (
				04A61D45288B369500DA6775 /* FavoriteWebService.swift */,
			);
			path = WebServices;
			sourceTree = "<group>";
		};
		04A61D41288B35E900DA6775 /* Services */ = {
			isa = PBXGroup;
			children = (
				04A61D43288B361C00DA6775 /* FavoriteService.swift */,
			);
			path = Services;
			sourceTree = "<group>";
		};
		04A61D47288B834E00DA6775 /* Models */ = {
			isa = PBXGroup;
			children = (
				04A61D48288BF84700DA6775 /* Favoris.swift */,
			);
			path = Models;
			sourceTree = "<group>";
		};
		04A61D4A288C3DF300DA6775 /* Profile */ = {
			isa = PBXGroup;
			children = (
				04A61D4B288C3E1800DA6775 /* ProfileViewController.swift */,
				04A61D74288F31C800DA6775 /* ProfileTableViewCell.swift */,
				04A61D75288F31C800DA6775 /* ProfileTableViewCell.xib */,
			);
			path = Profile;
			sourceTree = "<group>";
		};
		04A61D4F288CA1D200DA6775 /* FavoriteList */ = {
			isa = PBXGroup;
			children = (
				04A61D5A288CA3EA00DA6775 /* Views */,
				04A61D59288CA3E100DA6775 /* WebServices */,
				04A61D58288CA3DB00DA6775 /* Services */,
			);
			path = FavoriteList;
			sourceTree = "<group>";
		};
		04A61D58288CA3DB00DA6775 /* Services */ = {
			isa = PBXGroup;
			children = (
				04A61D5D288CA41500DA6775 /* FavoriteListService.swift */,
			);
			path = Services;
			sourceTree = "<group>";
		};
		04A61D59288CA3E100DA6775 /* WebServices */ = {
			isa = PBXGroup;
			children = (
				04A61D5B288CA40A00DA6775 /* FavoriteListWebService.swift */,
			);
			path = WebServices;
			sourceTree = "<group>";
		};
		04A61D5A288CA3EA00DA6775 /* Views */ = {
			isa = PBXGroup;
			children = (
				04A61D50288CA2FC00DA6775 /* FavoriteListViewController.swift */,
				04A61D54288CA36700DA6775 /* FavoriteListTableViewCell.swift */,
				04A61D55288CA36700DA6775 /* FavoriteListTableViewCell.xib */,
			);
			path = Views;
			sourceTree = "<group>";
		};
		04A61D5F288CBE8600DA6775 /* Comment */ = {
			isa = PBXGroup;
			children = (
				04A61D6A288CC82600DA6775 /* Models */,
				04A61D61288CBEAA00DA6775 /* Services */,
				04A61D60288CBEA000DA6775 /* webServices */,
			);
			path = Comment;
			sourceTree = "<group>";
		};
		04A61D60288CBEA000DA6775 /* webServices */ = {
			isa = PBXGroup;
			children = (
				04A61D64288CBF5200DA6775 /* CommentWebService.swift */,
			);
			path = webServices;
			sourceTree = "<group>";
		};
		04A61D61288CBEAA00DA6775 /* Services */ = {
			isa = PBXGroup;
			children = (
				04A61D62288CBF2A00DA6775 /* CommentService.swift */,
			);
			path = Services;
			sourceTree = "<group>";
		};
		04A61D6A288CC82600DA6775 /* Models */ = {
			isa = PBXGroup;
			children = (
				04A61D6B288CC83400DA6775 /* Comment.swift */,
			);
			path = Models;
			sourceTree = "<group>";
		};
		04A61D6F288F23EA00DA6775 /* Create */ = {
			isa = PBXGroup;
			children = (
				04A61D70288F241800DA6775 /* CreateChanelViewController.swift */,
			);
			path = Create;
			sourceTree = "<group>";
		};
/* End PBXGroup section */

/* Begin PBXNativeTarget section */
		04A61CC928871BFD00DA6775 /* SwiftProject */ = {
			isa = PBXNativeTarget;
			buildConfigurationList = 04A61CDE28871BFE00DA6775 /* Build configuration list for PBXNativeTarget "SwiftProject" */;
			buildPhases = (
				04A61CC628871BFD00DA6775 /* Sources */,
				04A61CC728871BFD00DA6775 /* Frameworks */,
				04A61CC828871BFD00DA6775 /* Resources */,
			);
			buildRules = (
			);
			dependencies = (
			);
			name = SwiftProject;
			productName = SwiftProject;
			productReference = 04A61CCA28871BFD00DA6775 /* SwiftProject.app */;
			productType = "com.apple.product-type.application";
		};
/* End PBXNativeTarget section */

/* Begin PBXProject section */
		04A61CC228871BFD00DA6775 /* Project object */ = {
			isa = PBXProject;
			attributes = {
				BuildIndependentTargetsInParallel = 1;
				LastSwiftUpdateCheck = 1340;
				LastUpgradeCheck = 1340;
				TargetAttributes = {
					04A61CC928871BFD00DA6775 = {
						CreatedOnToolsVersion = 13.4.1;
					};
				};
			};
			buildConfigurationList = 04A61CC528871BFD00DA6775 /* Build configuration list for PBXProject "SwiftProject" */;
			compatibilityVersion = "Xcode 13.0";
			developmentRegion = en;
			hasScannedForEncodings = 0;
			knownRegions = (
				en,
				Base,
			);
			mainGroup = 04A61CC128871BFD00DA6775;
			productRefGroup = 04A61CCB28871BFD00DA6775 /* Products */;
			projectDirPath = "";
			projectRoot = "";
			targets = (
				04A61CC928871BFD00DA6775 /* SwiftProject */,
			);
		};
/* End PBXProject section */

/* Begin PBXResourcesBuildPhase section */
		04A61CC828871BFD00DA6775 /* Resources */ = {
			isa = PBXResourcesBuildPhase;
			buildActionMask = 2147483647;
			files = (
				04A61CDA28871BFE00DA6775 /* LaunchScreen.storyboard in Resources */,
				04A61CD728871BFE00DA6775 /* Assets.xcassets in Resources */,
				04A61D69288CC7ED00DA6775 /* ChanelDetailTableViewCell.xib in Resources */,
				04A61CE928871FA500DA6775 /* SearchViewController.xib in Resources */,
				04A61CD528871BFD00DA6775 /* Main.storyboard in Resources */,
				04A61D0C28872E5300DA6775 /* ChanelDetailViewController.xib in Resources */,
				04A61D292889DCD800DA6775 /* ChanelTableViewCell.xib in Resources */,
				04A61D57288CA36700DA6775 /* FavoriteListTableViewCell.xib in Resources */,
				04A61D01288721DB00DA6775 /* AnimeDetailViewController.xib in Resources */,
				04A61D77288F31C800DA6775 /* ProfileTableViewCell.xib in Resources */,
				04A61CED28871FE300DA6775 /* SearchTableViewCell.xib in Resources */,
			);
			runOnlyForDeploymentPostprocessing = 0;
		};
/* End PBXResourcesBuildPhase section */

/* Begin PBXSourcesBuildPhase section */
		04A61CC628871BFD00DA6775 /* Sources */ = {
			isa = PBXSourcesBuildPhase;
			buildActionMask = 2147483647;
			files = (
				04A61D31288A069400DA6775 /* LoginService.swift in Sources */,
				04A61D5E288CA41500DA6775 /* FavoriteListService.swift in Sources */,
				04A61CF0288720B100DA6775 /* AnimeNetworkWebService.swift in Sources */,
				04A61CF62887210800DA6775 /* AnimeNetwork.swift in Sources */,
				04A61D65288CBF5200DA6775 /* CommentWebService.swift in Sources */,
				04A61CF82887212600DA6775 /* AnimeAttributes.swift in Sources */,
				04A61D172887300700DA6775 /* ChanelWebService.swift in Sources */,
				04A61D6C288CC83400DA6775 /* Comment.swift in Sources */,
				04A61CFA2887214A00DA6775 /* AnimePosterImage.swift in Sources */,
				04A61D76288F31C800DA6775 /* ProfileTableViewCell.swift in Sources */,
				04A61D46288B369500DA6775 /* FavoriteWebService.swift in Sources */,
				04A61CFC2887215B00DA6775 /* AnimeCoverImage.swift in Sources */,
				04A61CD228871BFD00DA6775 /* ViewController.swift in Sources */,
				04A61D00288721DB00DA6775 /* AnimeDetailViewController.swift in Sources */,
				04A61CCE28871BFD00DA6775 /* AppDelegate.swift in Sources */,
				04A61D56288CA36700DA6775 /* FavoriteListTableViewCell.swift in Sources */,
				04A61D38288A07A400DA6775 /* LoginViewController.swift in Sources */,
				04A61D72288F241800DA6775 /* CreateChanelViewController.swift in Sources */,
				04A61D68288CC7ED00DA6775 /* ChanelDetailTableViewCell.swift in Sources */,
				04A61D52288CA2FC00DA6775 /* FavoriteListViewController.swift in Sources */,
				04A61CE828871FA500DA6775 /* SearchViewController.swift in Sources */,
				04A61D282889DCD800DA6775 /* ChanelTableViewCell.swift in Sources */,
				04A61D1528872FDD00DA6775 /* ChanelService.swift in Sources */,
				04A61D3C288AC58100DA6775 /* RegisterViewController.swift in Sources */,
				04A61D63288CBF2A00DA6775 /* CommentService.swift in Sources */,
				04A61D3F288ACAA300DA6775 /* RegisterWebService.swift in Sources */,
				04A61D6E288ED5A500DA6775 /* UserChanel.swift in Sources */,
				04A61D35288A072C00DA6775 /* LoginWebService.swift in Sources */,
				04A61D4D288C3E1800DA6775 /* ProfileViewController.swift in Sources */,
				04A61CF3288720DF00DA6775 /* AnimeNetworkService.swift in Sources */,
				04A61D33288A06BC00DA6775 /* RegisterService.swift in Sources */,
				04A61D5C288CA40A00DA6775 /* FavoriteListWebService.swift in Sources */,
				04A61D49288BF84700DA6775 /* Favoris.swift in Sources */,
				04A61D44288B361C00DA6775 /* FavoriteService.swift in Sources */,
				04A61D242889DC5900DA6775 /* ChanelViewController.swift in Sources */,
				04A61CD028871BFD00DA6775 /* SceneDelegate.swift in Sources */,
				04A61D192887304700DA6775 /* Chanel.swift in Sources */,
				04A61D0B28872E5300DA6775 /* ChanelDetailViewController.swift in Sources */,
				04A61CEC28871FE300DA6775 /* SearchTableViewCell.swift in Sources */,
			);
			runOnlyForDeploymentPostprocessing = 0;
		};
/* End PBXSourcesBuildPhase section */

/* Begin PBXVariantGroup section */
		04A61CD328871BFD00DA6775 /* Main.storyboard */ = {
			isa = PBXVariantGroup;
			children = (
				04A61CD428871BFD00DA6775 /* Base */,
			);
			name = Main.storyboard;
			sourceTree = "<group>";
		};
		04A61CD828871BFE00DA6775 /* LaunchScreen.storyboard */ = {
			isa = PBXVariantGroup;
			children = (
				04A61CD928871BFE00DA6775 /* Base */,
			);
			name = LaunchScreen.storyboard;
			sourceTree = "<group>";
		};
/* End PBXVariantGroup section */

/* Begin XCBuildConfiguration section */
		04A61CDC28871BFE00DA6775 /* Debug */ = {
			isa = XCBuildConfiguration;
			buildSettings = {
				ALWAYS_SEARCH_USER_PATHS = NO;
				CLANG_ANALYZER_NONNULL = YES;
				CLANG_ANALYZER_NUMBER_OBJECT_CONVERSION = YES_AGGRESSIVE;
				CLANG_CXX_LANGUAGE_STANDARD = "gnu++17";
				CLANG_ENABLE_MODULES = YES;
				CLANG_ENABLE_OBJC_ARC = YES;
				CLANG_ENABLE_OBJC_WEAK = YES;
				CLANG_WARN_BLOCK_CAPTURE_AUTORELEASING = YES;
				CLANG_WARN_BOOL_CONVERSION = YES;
				CLANG_WARN_COMMA = YES;
				CLANG_WARN_CONSTANT_CONVERSION = YES;
				CLANG_WARN_DEPRECATED_OBJC_IMPLEMENTATIONS = YES;
				CLANG_WARN_DIRECT_OBJC_ISA_USAGE = YES_ERROR;
				CLANG_WARN_DOCUMENTATION_COMMENTS = YES;
				CLANG_WARN_EMPTY_BODY = YES;
				CLANG_WARN_ENUM_CONVERSION = YES;
				CLANG_WARN_INFINITE_RECURSION = YES;
				CLANG_WARN_INT_CONVERSION = YES;
				CLANG_WARN_NON_LITERAL_NULL_CONVERSION = YES;
				CLANG_WARN_OBJC_IMPLICIT_RETAIN_SELF = YES;
				CLANG_WARN_OBJC_LITERAL_CONVERSION = YES;
				CLANG_WARN_OBJC_ROOT_CLASS = YES_ERROR;
				CLANG_WARN_QUOTED_INCLUDE_IN_FRAMEWORK_HEADER = YES;
				CLANG_WARN_RANGE_LOOP_ANALYSIS = YES;
				CLANG_WARN_STRICT_PROTOTYPES = YES;
				CLANG_WARN_SUSPICIOUS_MOVE = YES;
				CLANG_WARN_UNGUARDED_AVAILABILITY = YES_AGGRESSIVE;
				CLANG_WARN_UNREACHABLE_CODE = YES;
				CLANG_WARN__DUPLICATE_METHOD_MATCH = YES;
				COPY_PHASE_STRIP = NO;
				DEBUG_INFORMATION_FORMAT = dwarf;
				ENABLE_STRICT_OBJC_MSGSEND = YES;
				ENABLE_TESTABILITY = YES;
				GCC_C_LANGUAGE_STANDARD = gnu11;
				GCC_DYNAMIC_NO_PIC = NO;
				GCC_NO_COMMON_BLOCKS = YES;
				GCC_OPTIMIZATION_LEVEL = 0;
				GCC_PREPROCESSOR_DEFINITIONS = (
					"DEBUG=1",
					"$(inherited)",
				);
				GCC_WARN_64_TO_32_BIT_CONVERSION = YES;
				GCC_WARN_ABOUT_RETURN_TYPE = YES_ERROR;
				GCC_WARN_UNDECLARED_SELECTOR = YES;
				GCC_WARN_UNINITIALIZED_AUTOS = YES_AGGRESSIVE;
				GCC_WARN_UNUSED_FUNCTION = YES;
				GCC_WARN_UNUSED_VARIABLE = YES;
				IPHONEOS_DEPLOYMENT_TARGET = 15.5;
				MTL_ENABLE_DEBUG_INFO = INCLUDE_SOURCE;
				MTL_FAST_MATH = YES;
				ONLY_ACTIVE_ARCH = YES;
				SDKROOT = iphoneos;
				SWIFT_ACTIVE_COMPILATION_CONDITIONS = DEBUG;
				SWIFT_OPTIMIZATION_LEVEL = "-Onone";
			};
			name = Debug;
		};
		04A61CDD28871BFE00DA6775 /* Release */ = {
			isa = XCBuildConfiguration;
			buildSettings = {
				ALWAYS_SEARCH_USER_PATHS = NO;
				CLANG_ANALYZER_NONNULL = YES;
				CLANG_ANALYZER_NUMBER_OBJECT_CONVERSION = YES_AGGRESSIVE;
				CLANG_CXX_LANGUAGE_STANDARD = "gnu++17";
				CLANG_ENABLE_MODULES = YES;
				CLANG_ENABLE_OBJC_ARC = YES;
				CLANG_ENABLE_OBJC_WEAK = YES;
				CLANG_WARN_BLOCK_CAPTURE_AUTORELEASING = YES;
				CLANG_WARN_BOOL_CONVERSION = YES;
				CLANG_WARN_COMMA = YES;
				CLANG_WARN_CONSTANT_CONVERSION = YES;
				CLANG_WARN_DEPRECATED_OBJC_IMPLEMENTATIONS = YES;
				CLANG_WARN_DIRECT_OBJC_ISA_USAGE = YES_ERROR;
				CLANG_WARN_DOCUMENTATION_COMMENTS = YES;
				CLANG_WARN_EMPTY_BODY = YES;
				CLANG_WARN_ENUM_CONVERSION = YES;
				CLANG_WARN_INFINITE_RECURSION = YES;
				CLANG_WARN_INT_CONVERSION = YES;
				CLANG_WARN_NON_LITERAL_NULL_CONVERSION = YES;
				CLANG_WARN_OBJC_IMPLICIT_RETAIN_SELF = YES;
				CLANG_WARN_OBJC_LITERAL_CONVERSION = YES;
				CLANG_WARN_OBJC_ROOT_CLASS = YES_ERROR;
				CLANG_WARN_QUOTED_INCLUDE_IN_FRAMEWORK_HEADER = YES;
				CLANG_WARN_RANGE_LOOP_ANALYSIS = YES;
				CLANG_WARN_STRICT_PROTOTYPES = YES;
				CLANG_WARN_SUSPICIOUS_MOVE = YES;
				CLANG_WARN_UNGUARDED_AVAILABILITY = YES_AGGRESSIVE;
				CLANG_WARN_UNREACHABLE_CODE = YES;
				CLANG_WARN__DUPLICATE_METHOD_MATCH = YES;
				COPY_PHASE_STRIP = NO;
				DEBUG_INFORMATION_FORMAT = "dwarf-with-dsym";
				ENABLE_NS_ASSERTIONS = NO;
				ENABLE_STRICT_OBJC_MSGSEND = YES;
				GCC_C_LANGUAGE_STANDARD = gnu11;
				GCC_NO_COMMON_BLOCKS = YES;
				GCC_WARN_64_TO_32_BIT_CONVERSION = YES;
				GCC_WARN_ABOUT_RETURN_TYPE = YES_ERROR;
				GCC_WARN_UNDECLARED_SELECTOR = YES;
				GCC_WARN_UNINITIALIZED_AUTOS = YES_AGGRESSIVE;
				GCC_WARN_UNUSED_FUNCTION = YES;
				GCC_WARN_UNUSED_VARIABLE = YES;
				IPHONEOS_DEPLOYMENT_TARGET = 15.5;
				MTL_ENABLE_DEBUG_INFO = NO;
				MTL_FAST_MATH = YES;
				SDKROOT = iphoneos;
				SWIFT_COMPILATION_MODE = wholemodule;
				SWIFT_OPTIMIZATION_LEVEL = "-O";
				VALIDATE_PRODUCT = YES;
			};
			name = Release;
		};
		04A61CDF28871BFE00DA6775 /* Debug */ = {
			isa = XCBuildConfiguration;
			buildSettings = {
				ASSETCATALOG_COMPILER_APPICON_NAME = AppIcon;
				ASSETCATALOG_COMPILER_GLOBAL_ACCENT_COLOR_NAME = AccentColor;
				CODE_SIGN_STYLE = Automatic;
				CURRENT_PROJECT_VERSION = 1;
				DEVELOPMENT_TEAM = 792WRWDFHZ;
				GENERATE_INFOPLIST_FILE = YES;
				INFOPLIST_FILE = SwiftProject/Info.plist;
				INFOPLIST_KEY_UIApplicationSupportsIndirectInputEvents = YES;
				INFOPLIST_KEY_UILaunchStoryboardName = LaunchScreen;
				INFOPLIST_KEY_UIMainStoryboardFile = Main;
				INFOPLIST_KEY_UISupportedInterfaceOrientations_iPad = "UIInterfaceOrientationPortrait UIInterfaceOrientationPortraitUpsideDown UIInterfaceOrientationLandscapeLeft UIInterfaceOrientationLandscapeRight";
				INFOPLIST_KEY_UISupportedInterfaceOrientations_iPhone = "UIInterfaceOrientationPortrait UIInterfaceOrientationLandscapeLeft UIInterfaceOrientationLandscapeRight";
				IPHONEOS_DEPLOYMENT_TARGET = 15.5;
				LD_RUNPATH_SEARCH_PATHS = (
					"$(inherited)",
					"@executable_path/Frameworks",
				);
				MARKETING_VERSION = 1.0;
				PRODUCT_BUNDLE_IDENTIFIER = esgi.com.SwiftProject;
				PRODUCT_NAME = "$(TARGET_NAME)";
				SWIFT_EMIT_LOC_STRINGS = YES;
				SWIFT_VERSION = 5.0;
				TARGETED_DEVICE_FAMILY = "1,2";
			};
			name = Debug;
		};
		04A61CE028871BFE00DA6775 /* Release */ = {
			isa = XCBuildConfiguration;
			buildSettings = {
				ASSETCATALOG_COMPILER_APPICON_NAME = AppIcon;
				ASSETCATALOG_COMPILER_GLOBAL_ACCENT_COLOR_NAME = AccentColor;
				CODE_SIGN_STYLE = Automatic;
				CURRENT_PROJECT_VERSION = 1;
				DEVELOPMENT_TEAM = 792WRWDFHZ;
				GENERATE_INFOPLIST_FILE = YES;
				INFOPLIST_FILE = SwiftProject/Info.plist;
				INFOPLIST_KEY_UIApplicationSupportsIndirectInputEvents = YES;
				INFOPLIST_KEY_UILaunchStoryboardName = LaunchScreen;
				INFOPLIST_KEY_UIMainStoryboardFile = Main;
				INFOPLIST_KEY_UISupportedInterfaceOrientations_iPad = "UIInterfaceOrientationPortrait UIInterfaceOrientationPortraitUpsideDown UIInterfaceOrientationLandscapeLeft UIInterfaceOrientationLandscapeRight";
				INFOPLIST_KEY_UISupportedInterfaceOrientations_iPhone = "UIInterfaceOrientationPortrait UIInterfaceOrientationLandscapeLeft UIInterfaceOrientationLandscapeRight";
				IPHONEOS_DEPLOYMENT_TARGET = 15.5;
				LD_RUNPATH_SEARCH_PATHS = (
					"$(inherited)",
					"@executable_path/Frameworks",
				);
				MARKETING_VERSION = 1.0;
				PRODUCT_BUNDLE_IDENTIFIER = esgi.com.SwiftProject;
				PRODUCT_NAME = "$(TARGET_NAME)";
				SWIFT_EMIT_LOC_STRINGS = YES;
				SWIFT_VERSION = 5.0;
				TARGETED_DEVICE_FAMILY = "1,2";
			};
			name = Release;
		};
/* End XCBuildConfiguration section */

/* Begin XCConfigurationList section */
		04A61CC528871BFD00DA6775 /* Build configuration list for PBXProject "SwiftProject" */ = {
			isa = XCConfigurationList;
			buildConfigurations = (
				04A61CDC28871BFE00DA6775 /* Debug */,
				04A61CDD28871BFE00DA6775 /* Release */,
			);
			defaultConfigurationIsVisible = 0;
			defaultConfigurationName = Release;
		};
		04A61CDE28871BFE00DA6775 /* Build configuration list for PBXNativeTarget "SwiftProject" */ = {
			isa = XCConfigurationList;
			buildConfigurations = (
				04A61CDF28871BFE00DA6775 /* Debug */,
				04A61CE028871BFE00DA6775 /* Release */,
			);
			defaultConfigurationIsVisible = 0;
			defaultConfigurationName = Release;
		};
/* End XCConfigurationList section */
	};
	rootObject = 04A61CC228871BFD00DA6775 /* Project object */;
}
